<?xml version="1.0" encoding="utf-8"?>
<Project ToolsVersion="4.0" xmlns="http://schemas.microsoft.com/developer/msbuild/2003">
  <ItemGroup>
    <ClCompile Include="editor.cpp" />
    <ClCompile Include="stdafx.cpp" />
    <ClCompile Include="View\editorview.cpp">
      <Filter>view</Filter>
    </ClCompile>
    <ClCompile Include="global.cpp" />
    <ClCompile Include="View\vprogview.cpp">
      <Filter>view</Filter>
    </ClCompile>
    <ClCompile Include="View\debugview.cpp">
      <Filter>view</Filter>
    </ClCompile>
    <ClCompile Include="View\consoleview.cpp">
      <Filter>view</Filter>
    </ClCompile>
  </ItemGroup>
  <ItemGroup>
    <ClInclude Include="stdafx.h" />
    <ClInclude Include="View\editorview.h">
      <Filter>view</Filter>
    </ClInclude>
    <ClInclude Include="global.h" />
    <ClInclude Include="View\vprogview.h">
      <Filter>view</Filter>
    </ClInclude>
    <ClInclude Include="View\debugview.h">
      <Filter>view</Filter>
    </ClInclude>
    <ClInclude Include="View\consoleview.h">
      <Filter>view</Filter>
    </ClInclude>
  </ItemGroup>
  <ItemGroup>
    <Filter Include="view">
      <UniqueIdentifier>{dcb088d2-f7e6-46df-8585-5ead5d734717}</UniqueIdentifier>
    </Filter>
  </ItemGroup>
</Project>